
Microsoft Visual Studio Solution File, Format Version 12.00
# Visual Studio 15
VisualStudioVersion = 15.0.28307.645
MinimumVisualStudioVersion = 10.0.40219.1
Project("{9A19103F-16F7-4668-BE54-9A1E7A4F7556}") = "Ciceksepeti.Data", "Ciceksepeti.Data\Ciceksepeti.Data.csproj", "{C071DA78-1C0A-4EA2-BBFD-735B3112F4FA}"
EndProject
Project("{9A19103F-16F7-4668-BE54-9A1E7A4F7556}") = "Ciceksepeti.Business", "Ciceksepeti.Business\Ciceksepeti.Business.csproj", "{04378FC7-6E66-40DC-AE4A-400FD0E6CE1E}"
EndProject
Project("{9A19103F-16F7-4668-BE54-9A1E7A4F7556}") = "Ciceksepeti.Entities", "Ciceksepeti.Entities\Ciceksepeti.Entities.csproj", "{BF37AD28-3F25-49F8-8DB4-27CA66A89311}"
EndProject
Project("{9A19103F-16F7-4668-BE54-9A1E7A4F7556}") = "Ciceksepeti.CoreAPI", "Ciceksepeti.CoreAPI\Ciceksepeti.CoreAPI.csproj", "{B7F928D4-489E-4D29-B644-21E7C8F366E1}"
EndProject
Project("{FAE04EC0-301F-11D3-BF4B-00C04F79EFBC}") = "Test", "Test\Test.csproj", "{63D61478-F416-4C32-804B-47E282D123AC}"
EndProject
Global
	GlobalSection(SolutionConfigurationPlatforms) = preSolution
		Debug|Any CPU = Debug|Any CPU
		Release|Any CPU = Release|Any CPU
	EndGlobalSection
	GlobalSection(ProjectConfigurationPlatforms) = postSolution
		{C071DA78-1C0A-4EA2-BBFD-735B3112F4FA}.Debug|Any CPU.ActiveCfg = Debug|Any CPU
		{C071DA78-1C0A-4EA2-BBFD-735B3112F4FA}.Debug|Any CPU.Build.0 = Debug|Any CPU
		{C071DA78-1C0A-4EA2-BBFD-735B3112F4FA}.Release|Any CPU.ActiveCfg = Release|Any CPU
		{C071DA78-1C0A-4EA2-BBFD-735B3112F4FA}.Release|Any CPU.Build.0 = Release|Any CPU
		{04378FC7-6E66-40DC-AE4A-400FD0E6CE1E}.Debug|Any CPU.ActiveCfg = Debug|Any CPU
		{04378FC7-6E66-40DC-AE4A-400FD0E6CE1E}.Debug|Any CPU.Build.0 = Debug|Any CPU
		{04378FC7-6E66-40DC-AE4A-400FD0E6CE1E}.Release|Any CPU.ActiveCfg = Release|Any CPU
		{04378FC7-6E66-40DC-AE4A-400FD0E6CE1E}.Release|Any CPU.Build.0 = Release|Any CPU
		{BF37AD28-3F25-49F8-8DB4-27CA66A89311}.Debug|Any CPU.ActiveCfg = Debug|Any CPU
		{BF37AD28-3F25-49F8-8DB4-27CA66A89311}.Debug|Any CPU.Build.0 = Debug|Any CPU
		{BF37AD28-3F25-49F8-8DB4-27CA66A89311}.Release|Any CPU.ActiveCfg = Release|Any CPU
		{BF37AD28-3F25-49F8-8DB4-27CA66A89311}.Release|Any CPU.Build.0 = Release|Any CPU
		{B7F928D4-489E-4D29-B644-21E7C8F366E1}.Debug|Any CPU.ActiveCfg = Debug|Any CPU
		{B7F928D4-489E-4D29-B644-21E7C8F366E1}.Debug|Any CPU.Build.0 = Debug|Any CPU
		{B7F928D4-489E-4D29-B644-21E7C8F366E1}.Release|Any CPU.ActiveCfg = Release|Any CPU
		{B7F928D4-489E-4D29-B644-21E7C8F366E1}.Release|Any CPU.Build.0 = Release|Any CPU
		{63D61478-F416-4C32-804B-47E282D123AC}.Debug|Any CPU.ActiveCfg = Debug|Any CPU
		{63D61478-F416-4C32-804B-47E282D123AC}.Debug|Any CPU.Build.0 = Debug|Any CPU
		{63D61478-F416-4C32-804B-47E282D123AC}.Release|Any CPU.ActiveCfg = Release|Any CPU
		{63D61478-F416-4C32-804B-47E282D123AC}.Release|Any CPU.Build.0 = Release|Any CPU
	EndGlobalSection
	GlobalSection(SolutionProperties) = preSolution
		HideSolutionNode = FALSE
	EndGlobalSection
	GlobalSection(ExtensibilityGlobals) = postSolution
		SolutionGuid = {13CCB056-F871-4D07-B2D5-1108A0275D03}
	EndGlobalSection
EndGlobal
